
Microsoft Visual Studio Solution File, Format Version 12.00
# Visual Studio Version 16
VisualStudioVersion = 16.0.29111.141
MinimumVisualStudioVersion = 10.0.40219.1
Project("{FAE04EC0-301F-11D3-BF4B-00C04F79EFBC}") = "XagileMat4", "XagileMat4\XagileMat4.csproj", "{9875239E-D33D-493D-B410-76D114DD5122}"
EndProject
Global
	GlobalSection(SolutionConfigurationPlatforms) = preSolution
		Debug|Any CPU = Debug|Any CPU
		Release|Any CPU = Release|Any CPU
	EndGlobalSection
	GlobalSection(ProjectConfigurationPlatforms) = postSolution
		{9875239E-D33D-493D-B410-76D114DD5122}.Debug|Any CPU.ActiveCfg = Debug|Any CPU
		{9875239E-D33D-493D-B410-76D114DD5122}.Debug|Any CPU.Build.0 = Debug|Any CPU
		{9875239E-D33D-493D-B410-76D114DD5122}.Release|Any CPU.ActiveCfg = Release|Any CPU
		{9875239E-D33D-493D-B410-76D114DD5122}.Release|Any CPU.Build.0 = Release|Any CPU
	EndGlobalSection
	GlobalSection(SolutionProperties) = preSolution
		HideSolutionNode = FALSE
	EndGlobalSection
	GlobalSection(ExtensibilityGlobals) = postSolution
		SolutionGuid = {0390CFAE-38AB-4724-AC24-3E60AE96F384}
	EndGlobalSection
EndGlobal
